# THIS IS AN AUTOGENERATED FILE. DO NOT EDIT THIS FILE DIRECTLY.
# yarn lockfile v1


jquery@^3.3.1:
  version "3.3.1"
  resolved "https://registry.yarnpkg.com/jquery/-/jquery-3.3.1.tgz#958ce29e81c9790f31be7792df5d4d95fc57fbca"
  integrity sha512-Ubldcmxp5np52/ENotGxlLe6aGMvmF4R8S6tZjsP6Knsaxd/xp3Zrh50cG93lR6nPXyUFwzN3ZSOQI0wRJNdGg==

materialize-css@^1.0.0:
  version "1.0.0"
  resolved "https://registry.yarnpkg.com/materialize-css/-/materialize-css-1.0.0.tgz#8d5db1c4a81c6d65f3b2e2ca83a8e08daa24d1be"
  integrity sha512-4/oecXl8y/1i8RDZvyvwAICyqwNoKU4or5uf8uoAd74k76KzZ0Llym4zhJ5lLNUskcqjO0AuMcvNyDkpz8Z6zw==

vue-the-mask@^0.11.1:
  version "0.11.1"
  resolved "https://registry.yarnpkg.com/vue-the-mask/-/vue-the-mask-0.11.1.tgz#91ee01008354ae57bccc79bb61b65f32d971d9d5"
  integrity sha512-UquSfnSWejD0zAfcD+3jJ1chUAkOAyoxya9Lxh9acCRtrlmGcAIvd0cQYraWqKenbuZJUdum+S174atv2AuEHQ==

vue@^2.5.17:
  version "2.5.17"
  resolved "https://registry.yarnpkg.com/vue/-/vue-2.5.17.tgz#0f8789ad718be68ca1872629832ed533589c6ada"
  integrity sha512-mFbcWoDIJi0w0Za4emyLiW72Jae0yjANHbCVquMKijcavBGypqlF7zHRgMa5k4sesdv7hv2rB4JPdZfR+TPfhQ==
